
Microsoft Visual Studio Solution File, Format Version 12.00
# Visual Studio Version 16
VisualStudioVersion = 16.0.30503.244
MinimumVisualStudioVersion = 10.0.40219.1
Project("{FAE04EC0-301F-11D3-BF4B-00C04F79EFBC}") = "Finances", "Finances\Finances.csproj", "{586F29B1-470A-4C8A-AC2F-341C263FBC7E}"
EndProject
Global
	GlobalSection(SolutionConfigurationPlatforms) = preSolution
		Debug|Any CPU = Debug|Any CPU
		Release|Any CPU = Release|Any CPU
	EndGlobalSection
	GlobalSection(ProjectConfigurationPlatforms) = postSolution
		{586F29B1-470A-4C8A-AC2F-341C263FBC7E}.Debug|Any CPU.ActiveCfg = Debug|Any CPU
		{586F29B1-470A-4C8A-AC2F-341C263FBC7E}.Debug|Any CPU.Build.0 = Debug|Any CPU
		{586F29B1-470A-4C8A-AC2F-341C263FBC7E}.Release|Any CPU.ActiveCfg = Release|Any CPU
		{586F29B1-470A-4C8A-AC2F-341C263FBC7E}.Release|Any CPU.Build.0 = Release|Any CPU
	EndGlobalSection
	GlobalSection(SolutionProperties) = preSolution
		HideSolutionNode = FALSE
	EndGlobalSection
	GlobalSection(ExtensibilityGlobals) = postSolution
		SolutionGuid = {EA328B70-AE7E-4444-9449-42F0C5977FEB}
	EndGlobalSection
EndGlobal
