
Microsoft Visual Studio Solution File, Format Version 12.00
# Visual Studio 15
VisualStudioVersion = 15.0.28010.2046
MinimumVisualStudioVersion = 10.0.40219.1
Project("{FAE04EC0-301F-11D3-BF4B-00C04F79EFBC}") = "Week14_Practice", "Week14_Practice\Week14_Practice.csproj", "{D1A8EEAC-91DE-4F2A-87A2-B1E5221B5EDF}"
EndProject
Global
	GlobalSection(SolutionConfigurationPlatforms) = preSolution
		Debug|Any CPU = Debug|Any CPU
		Release|Any CPU = Release|Any CPU
	EndGlobalSection
	GlobalSection(ProjectConfigurationPlatforms) = postSolution
		{D1A8EEAC-91DE-4F2A-87A2-B1E5221B5EDF}.Debug|Any CPU.ActiveCfg = Debug|Any CPU
		{D1A8EEAC-91DE-4F2A-87A2-B1E5221B5EDF}.Debug|Any CPU.Build.0 = Debug|Any CPU
		{D1A8EEAC-91DE-4F2A-87A2-B1E5221B5EDF}.Release|Any CPU.ActiveCfg = Release|Any CPU
		{D1A8EEAC-91DE-4F2A-87A2-B1E5221B5EDF}.Release|Any CPU.Build.0 = Release|Any CPU
	EndGlobalSection
	GlobalSection(SolutionProperties) = preSolution
		HideSolutionNode = FALSE
	EndGlobalSection
	GlobalSection(ExtensibilityGlobals) = postSolution
		SolutionGuid = {A9EAFDD0-CBD0-4CE5-87C9-E20868656C16}
	EndGlobalSection
EndGlobal
